// !$*UTF8*$!
{
	archiveVersion = 1;
	classes = {
	};
	objectVersion = 77;
	objects = {

/* Begin PBXBuildFile section */
		1662EF7B2E9F6D000002F3C4 /* Alamofire in Frameworks */ = {isa = PBXBuildFile; productRef = 1662EF7A2E9F6D000002F3C4 /* Alamofire */; };
/* End PBXBuildFile section */

/* Begin PBXContainerItemProxy section */
		16964B342E9F4D290020BB05 /* PBXContainerItemProxy */ = {
			isa = PBXContainerItemProxy;
			containerPortal = 16964B1E2E9F4D280020BB05 /* Project object */;
			proxyType = 1;
			remoteGlobalIDString = 16964B252E9F4D280020BB05;
			remoteInfo = MyTradingPlace;
		};
		16964B3E2E9F4D2A0020BB05 /* PBXContainerItemProxy */ = {
			isa = PBXContainerItemProxy;
			containerPortal = 16964B1E2E9F4D280020BB05 /* Project object */;
			proxyType = 1;
			remoteGlobalIDString = 16964B252E9F4D280020BB05;
			remoteInfo = MyTradingPlace;
		};
/* End PBXContainerItemProxy section */

/* Begin PBXFileReference section */
		16964B262E9F4D280020BB05 /* MyTradingPlace.app */ = {isa = PBXFileReference; explicitFileType = wrapper.application; includeInIndex = 0; path = MyTradingPlace.app; sourceTree = BUILT_PRODUCTS_DIR; };
		16964B332E9F4D290020BB05 /* MyTradingPlaceTests.xctest */ = {isa = PBXFileReference; explicitFileType = wrapper.cfbundle; includeInIndex = 0; path = MyTradingPlaceTests.xctest; sourceTree = BUILT_PRODUCTS_DIR; };
		16964B3D2E9F4D2A0020BB05 /* MyTradingPlaceUITests.xctest */ = {isa = PBXFileReference; explicitFileType = wrapper.cfbundle; includeInIndex = 0; path = MyTradingPlaceUITests.xctest; sourceTree = BUILT_PRODUCTS_DIR; };
/* End PBXFileReference section */

/* Begin PBXFileSystemSynchronizedBuildFileExceptionSet section */
		1662EFD82E9FEF7C0002F3C4 /* Exceptions for "MyTradingPlace" folder in "MyTradingPlace" target */ = {
			isa = PBXFileSystemSynchronizedBuildFileExceptionSet;
			membershipExceptions = (
				Info.plist,
			);
			target = 16964B252E9F4D280020BB05 /* MyTradingPlace */;
		};
/* End PBXFileSystemSynchronizedBuildFileExceptionSet section */

/* Begin PBXFileSystemSynchronizedRootGroup section */
		16964B282E9F4D280020BB05 /* MyTradingPlace */ = {
			isa = PBXFileSystemSynchronizedRootGroup;
			exceptions = (
				1662EFD82E9FEF7C0002F3C4 /* Exceptions for "MyTradingPlace" folder in "MyTradingPlace" target */,
			);
			path = MyTradingPlace;
			sourceTree = "<group>";
		};
		16964B362E9F4D290020BB05 /* MyTradingPlaceTests */ = {
			isa = PBXFileSystemSynchronizedRootGroup;
			path = MyTradingPlaceTests;
			sourceTree = "<group>";
		};
		16964B402E9F4D2A0020BB05 /* MyTradingPlaceUITests */ = {
			isa = PBXFileSystemSynchronizedRootGroup;
			path = MyTradingPlaceUITests;
			sourceTree = "<group>";
		};
/* End PBXFileSystemSynchronizedRootGroup section */

/* Begin PBXFrameworksBuildPhase section */
		16964B232E9F4D280020BB05 /* Frameworks */ = {
			isa = PBXFrameworksBuildPhase;
			buildActionMask = 2147483647;
			files = (
				1662EF7B2E9F6D000002F3C4 /* Alamofire in Frameworks */,
			);
			runOnlyForDeploymentPostprocessing = 0;
		};
		16964B302E9F4D290020BB05 /* Frameworks */ = {
			isa = PBXFrameworksBuildPhase;
			buildActionMask = 2147483647;
			files = (
			);
			runOnlyForDeploymentPostprocessing = 0;
		};
		16964B3A2E9F4D2A0020BB05 /* Frameworks */ = {
			isa = PBXFrameworksBuildPhase;
			buildActionMask = 2147483647;
			files = (
			);
			runOnlyForDeploymentPostprocessing = 0;
		};
/* End PBXFrameworksBuildPhase section */

/* Begin PBXGroup section */
		16964B1D2E9F4D280020BB05 = {
			isa = PBXGroup;
			children = (
				16964B282E9F4D280020BB05 /* MyTradingPlace */,
				16964B362E9F4D290020BB05 /* MyTradingPlaceTests */,
				16964B402E9F4D2A0020BB05 /* MyTradingPlaceUITests */,
				16964B272E9F4D280020BB05 /* Products */,
			);
			sourceTree = "<group>";
		};
		16964B272E9F4D280020BB05 /* Products */ = {
			isa = PBXGroup;
			children = (
				16964B262E9F4D280020BB05 /* MyTradingPlace.app */,
				16964B332E9F4D290020BB05 /* MyTradingPlaceTests.xctest */,
				16964B3D2E9F4D2A0020BB05 /* MyTradingPlaceUITests.xctest */,
			);
			name = Products;
			sourceTree = "<group>";
		};
/* End PBXGroup section */

/* Begin PBXNativeTarget section */
		16964B252E9F4D280020BB05 /* MyTradingPlace */ = {
			isa = PBXNativeTarget;
			buildConfigurationList = 16964B472E9F4D2A0020BB05 /* Build configuration list for PBXNativeTarget "MyTradingPlace" */;
			buildPhases = (
				16964B222E9F4D280020BB05 /* Sources */,
				16964B232E9F4D280020BB05 /* Frameworks */,
				16964B242E9F4D280020BB05 /* Resources */,
			);
			buildRules = (
			);
			dependencies = (
			);
			fileSystemSynchronizedGroups = (
				16964B282E9F4D280020BB05 /* MyTradingPlace */,
			);
			name = MyTradingPlace;
			productName = MyTradingPlace;
			productReference = 16964B262E9F4D280020BB05 /* MyTradingPlace.app */;
			productType = "com.apple.product-type.application";
		};
		16964B322E9F4D290020BB05 /* MyTradingPlaceTests */ = {
			isa = PBXNativeTarget;
			buildConfigurationList = 16964B4A2E9F4D2A0020BB05 /* Build configuration list for PBXNativeTarget "MyTradingPlaceTests" */;
			buildPhases = (
				16964B2F2E9F4D290020BB05 /* Sources */,
				16964B302E9F4D290020BB05 /* Frameworks */,
				16964B312E9F4D290020BB05 /* Resources */,
			);
			buildRules = (
			);
			dependencies = (
				16964B352E9F4D290020BB05 /* PBXTargetDependency */,
			);
			fileSystemSynchronizedGroups = (
				16964B362E9F4D290020BB05 /* MyTradingPlaceTests */,
			);
			name = MyTradingPlaceTests;
			productName = MyTradingPlaceTests;
			productReference = 16964B332E9F4D290020BB05 /* MyTradingPlaceTests.xctest */;
			productType = "com.apple.product-type.bundle.unit-test";
		};
		16964B3C2E9F4D2A0020BB05 /* MyTradingPlaceUITests */ = {
			isa = PBXNativeTarget;
			buildConfigurationList = 16964B4D2E9F4D2A0020BB05 /* Build configuration list for PBXNativeTarget "MyTradingPlaceUITests" */;
			buildPhases = (
				16964B392E9F4D2A0020BB05 /* Sources */,
				16964B3A2E9F4D2A0020BB05 /* Frameworks */,
				16964B3B2E9F4D2A0020BB05 /* Resources */,
			);
			buildRules = (
			);
			dependencies = (
				16964B3F2E9F4D2A0020BB05 /* PBXTargetDependency */,
			);
			fileSystemSynchronizedGroups = (
				16964B402E9F4D2A0020BB05 /* MyTradingPlaceUITests */,
			);
			name = MyTradingPlaceUITests;
			productName = MyTradingPlaceUITests;
			productReference = 16964B3D2E9F4D2A0020BB05 /* MyTradingPlaceUITests.xctest */;
			productType = "com.apple.product-type.bundle.ui-testing";
		};
/* End PBXNativeTarget section */

/* Begin PBXProject section */
		16964B1E2E9F4D280020BB05 /* Project object */ = {
			isa = PBXProject;
			attributes = {
				BuildIndependentTargetsInParallel = 1;
				LastSwiftUpdateCheck = 1640;
				LastUpgradeCheck = 1640;
				TargetAttributes = {
					16964B252E9F4D280020BB05 = {
						CreatedOnToolsVersion = 16.4;
					};
					16964B322E9F4D290020BB05 = {
						CreatedOnToolsVersion = 16.4;
						TestTargetID = 16964B252E9F4D280020BB05;
					};
					16964B3C2E9F4D2A0020BB05 = {
						CreatedOnToolsVersion = 16.4;
						TestTargetID = 16964B252E9F4D280020BB05;
					};
				};
			};
			buildConfigurationList = 16964B212E9F4D280020BB05 /* Build configuration list for PBXProject "MyTradingPlace" */;
			developmentRegion = en;
			hasScannedForEncodings = 0;
			knownRegions = (
				en,
				Base,
			);
			mainGroup = 16964B1D2E9F4D280020BB05;
			minimizedProjectReferenceProxies = 1;
			packageReferences = (
				1662EF792E9F6D000002F3C4 /* XCRemoteSwiftPackageReference "Alamofire" */,
			);
			preferredProjectObjectVersion = 77;
			productRefGroup = 16964B272E9F4D280020BB05 /* Products */;
			projectDirPath = "";
			projectRoot = "";
			targets = (
				16964B252E9F4D280020BB05 /* MyTradingPlace */,
				16964B322E9F4D290020BB05 /* MyTradingPlaceTests */,
				16964B3C2E9F4D2A0020BB05 /* MyTradingPlaceUITests */,
			);
		};
/* End PBXProject section */

/* Begin PBXResourcesBuildPhase section */
		16964B242E9F4D280020BB05 /* Resources */ = {
			isa = PBXResourcesBuildPhase;
			buildActionMask = 2147483647;
			files = (
			);
			runOnlyForDeploymentPostprocessing = 0;
		};
		16964B312E9F4D290020BB05 /* Resources */ = {
			isa = PBXResourcesBuildPhase;
			buildActionMask = 2147483647;
			files = (
			);
			runOnlyForDeploymentPostprocessing = 0;
		};
		16964B3B2E9F4D2A0020BB05 /* Resources */ = {
			isa = PBXResourcesBuildPhase;
			buildActionMask = 2147483647;
			files = (
			);
			runOnlyForDeploymentPostprocessing = 0;
		};
/* End PBXResourcesBuildPhase section */

/* Begin PBXSourcesBuildPhase section */
		16964B222E9F4D280020BB05 /* Sources */ = {
			isa = PBXSourcesBuildPhase;
			buildActionMask = 2147483647;
			files = (
			);
			runOnlyForDeploymentPostprocessing = 0;
		};
		16964B2F2E9F4D290020BB05 /* Sources */ = {
			isa = PBXSourcesBuildPhase;
			buildActionMask = 2147483647;
			files = (
			);
			runOnlyForDeploymentPostprocessing = 0;
		};
		16964B392E9F4D2A0020BB05 /* Sources */ = {
			isa = PBXSourcesBuildPhase;
			buildActionMask = 2147483647;
			files = (
			);
			runOnlyForDeploymentPostprocessing = 0;
		};
/* End PBXSourcesBuildPhase section */

/* Begin PBXTargetDependency section */
		16964B352E9F4D290020BB05 /* PBXTargetDependency */ = {
			isa = PBXTargetDependency;
			target = 16964B252E9F4D280020BB05 /* MyTradingPlace */;
			targetProxy = 16964B342E9F4D290020BB05 /* PBXContainerItemProxy */;
		};
		16964B3F2E9F4D2A0020BB05 /* PBXTargetDependency */ = {
			isa = PBXTargetDependency;
			target = 16964B252E9F4D280020BB05 /* MyTradingPlace */;
			targetProxy = 16964B3E2E9F4D2A0020BB05 /* PBXContainerItemProxy */;
		};
/* End PBXTargetDependency section */

/* Begin XCBuildConfiguration section */
		16964B452E9F4D2A0020BB05 /* Debug */ = {
			isa = XCBuildConfiguration;
			buildSettings = {
				ALWAYS_SEARCH_USER_PATHS = NO;
				ASSETCATALOG_COMPILER_GENERATE_SWIFT_ASSET_SYMBOL_EXTENSIONS = YES;
				CLANG_ANALYZER_NONNULL = YES;
				CLANG_ANALYZER_NUMBER_OBJECT_CONVERSION = YES_AGGRESSIVE;
				CLANG_CXX_LANGUAGE_STANDARD = "gnu++20";
				CLANG_ENABLE_MODULES = YES;
				CLANG_ENABLE_OBJC_ARC = YES;
				CLANG_ENABLE_OBJC_WEAK = YES;
				CLANG_WARN_BLOCK_CAPTURE_AUTORELEASING = YES;
				CLANG_WARN_BOOL_CONVERSION = YES;
				CLANG_WARN_COMMA = YES;
				CLANG_WARN_CONSTANT_CONVERSION = YES;
				CLANG_WARN_DEPRECATED_OBJC_IMPLEMENTATIONS = YES;
				CLANG_WARN_DIRECT_OBJC_ISA_USAGE = YES_ERROR;
				CLANG_WARN_DOCUMENTATION_COMMENTS = YES;
				CLANG_WARN_EMPTY_BODY = YES;
				CLANG_WARN_ENUM_CONVERSION = YES;
				CLANG_WARN_INFINITE_RECURSION = YES;
				CLANG_WARN_INT_CONVERSION = YES;
				CLANG_WARN_NON_LITERAL_NULL_CONVERSION = YES;
				CLANG_WARN_OBJC_IMPLICIT_RETAIN_SELF = YES;
				CLANG_WARN_OBJC_LITERAL_CONVERSION = YES;
				CLANG_WARN_OBJC_ROOT_CLASS = YES_ERROR;
				CLANG_WARN_QUOTED_INCLUDE_IN_FRAMEWORK_HEADER = YES;
				CLANG_WARN_RANGE_LOOP_ANALYSIS = YES;
				CLANG_WARN_STRICT_PROTOTYPES = YES;
				CLANG_WARN_SUSPICIOUS_MOVE = YES;
				CLANG_WARN_UNGUARDED_AVAILABILITY = YES_AGGRESSIVE;
				CLANG_WARN_UNREACHABLE_CODE = YES;
				CLANG_WARN__DUPLICATE_METHOD_MATCH = YES;
				COPY_PHASE_STRIP = NO;
				DEBUG_INFORMATION_FORMAT = dwarf;
				DEVELOPMENT_TEAM = 9KL8UXLN6Z;
				ENABLE_STRICT_OBJC_MSGSEND = YES;
				ENABLE_TESTABILITY = YES;
				ENABLE_USER_SCRIPT_SANDBOXING = YES;
				GCC_C_LANGUAGE_STANDARD = gnu17;
				GCC_DYNAMIC_NO_PIC = NO;
				GCC_NO_COMMON_BLOCKS = YES;
				GCC_OPTIMIZATION_LEVEL = 0;
				GCC_PREPROCESSOR_DEFINITIONS = (
					"DEBUG=1",
					"$(inherited)",
				);
				GCC_WARN_64_TO_32_BIT_CONVERSION = YES;
				GCC_WARN_ABOUT_RETURN_TYPE = YES_ERROR;
				GCC_WARN_UNDECLARED_SELECTOR = YES;
				GCC_WARN_UNINITIALIZED_AUTOS = YES_AGGRESSIVE;
				GCC_WARN_UNUSED_FUNCTION = YES;
				GCC_WARN_UNUSED_VARIABLE = YES;
				IPHONEOS_DEPLOYMENT_TARGET = 18.5;
				LOCALIZATION_PREFERS_STRING_CATALOGS = YES;
				MTL_ENABLE_DEBUG_INFO = INCLUDE_SOURCE;
				MTL_FAST_MATH = YES;
				ONLY_ACTIVE_ARCH = YES;
				SDKROOT = iphoneos;
				SWIFT_ACTIVE_COMPILATION_CONDITIONS = "DEBUG $(inherited)";
				SWIFT_OPTIMIZATION_LEVEL = "-Onone";
			};
			name = Debug;
		};
		16964B462E9F4D2A0020BB05 /* Release */ = {
			isa = XCBuildConfiguration;
			buildSettings = {
				ALWAYS_SEARCH_USER_PATHS = NO;
				ASSETCATALOG_COMPILER_GENERATE_SWIFT_ASSET_SYMBOL_EXTENSIONS = YES;
				CLANG_ANALYZER_NONNULL = YES;
				CLANG_ANALYZER_NUMBER_OBJECT_CONVERSION = YES_AGGRESSIVE;
				CLANG_CXX_LANGUAGE_STANDARD = "gnu++20";
				CLANG_ENABLE_MODULES = YES;
				CLANG_ENABLE_OBJC_ARC = YES;
				CLANG_ENABLE_OBJC_WEAK = YES;
				CLANG_WARN_BLOCK_CAPTURE_AUTORELEASING = YES;
				CLANG_WARN_BOOL_CONVERSION = YES;
				CLANG_WARN_COMMA = YES;
				CLANG_WARN_CONSTANT_CONVERSION = YES;
				CLANG_WARN_DEPRECATED_OBJC_IMPLEMENTATIONS = YES;
				CLANG_WARN_DIRECT_OBJC_ISA_USAGE = YES_ERROR;
				CLANG_WARN_DOCUMENTATION_COMMENTS = YES;
				CLANG_WARN_EMPTY_BODY = YES;
				CLANG_WARN_ENUM_CONVERSION = YES;
				CLANG_WARN_INFINITE_RECURSION = YES;
				CLANG_WARN_INT_CONVERSION = YES;
				CLANG_WARN_NON_LITERAL_NULL_CONVERSION = YES;
				CLANG_WARN_OBJC_IMPLICIT_RETAIN_SELF = YES;
				CLANG_WARN_OBJC_LITERAL_CONVERSION = YES;
				CLANG_WARN_OBJC_ROOT_CLASS = YES_ERROR;
				CLANG_WARN_QUOTED_INCLUDE_IN_FRAMEWORK_HEADER = YES;
				CLANG_WARN_RANGE_LOOP_ANALYSIS = YES;
				CLANG_WARN_STRICT_PROTOTYPES = YES;
				CLANG_WARN_SUSPICIOUS_MOVE = YES;
				CLANG_WARN_UNGUARDED_AVAILABILITY = YES_AGGRESSIVE;
				CLANG_WARN_UNREACHABLE_CODE = YES;
				CLANG_WARN__DUPLICATE_METHOD_MATCH = YES;
				COPY_PHASE_STRIP = NO;
				DEBUG_INFORMATION_FORMAT = "dwarf-with-dsym";
				DEVELOPMENT_TEAM = 9KL8UXLN6Z;
				ENABLE_NS_ASSERTIONS = NO;
				ENABLE_STRICT_OBJC_MSGSEND = YES;
				ENABLE_USER_SCRIPT_SANDBOXING = YES;
				GCC_C_LANGUAGE_STANDARD = gnu17;
				GCC_NO_COMMON_BLOCKS = YES;
				GCC_WARN_64_TO_32_BIT_CONVERSION = YES;
				GCC_WARN_ABOUT_RETURN_TYPE = YES_ERROR;
				GCC_WARN_UNDECLARED_SELECTOR = YES;
				GCC_WARN_UNINITIALIZED_AUTOS = YES_AGGRESSIVE;
				GCC_WARN_UNUSED_FUNCTION = YES;
				GCC_WARN_UNUSED_VARIABLE = YES;
				IPHONEOS_DEPLOYMENT_TARGET = 18.5;
				LOCALIZATION_PREFERS_STRING_CATALOGS = YES;
				MTL_ENABLE_DEBUG_INFO = NO;
				MTL_FAST_MATH = YES;
				SDKROOT = iphoneos;
				SWIFT_COMPILATION_MODE = wholemodule;
				VALIDATE_PRODUCT = YES;
			};
			name = Release;
		};
		16964B482E9F4D2A0020BB05 /* Debug */ = {
			isa = XCBuildConfiguration;
			buildSettings = {
				ASSETCATALOG_COMPILER_APPICON_NAME = AppIcon;
				ASSETCATALOG_COMPILER_GLOBAL_ACCENT_COLOR_NAME = AccentColor;
				CODE_SIGN_STYLE = Automatic;
				CURRENT_PROJECT_VERSION = 1;
				DEVELOPMENT_TEAM = 9KL8UXLN6Z;
				ENABLE_PREVIEWS = YES;
				GENERATE_INFOPLIST_FILE = YES;
				INFOPLIST_FILE = MyTradingPlace/Info.plist;
				INFOPLIST_KEY_UIApplicationSceneManifest_Generation = YES;
				INFOPLIST_KEY_UIApplicationSupportsIndirectInputEvents = YES;
				INFOPLIST_KEY_UILaunchScreen_Generation = YES;
				INFOPLIST_KEY_UISupportedInterfaceOrientations_iPad = "UIInterfaceOrientationPortrait UIInterfaceOrientationPortraitUpsideDown UIInterfaceOrientationLandscapeLeft UIInterfaceOrientationLandscapeRight";
				INFOPLIST_KEY_UISupportedInterfaceOrientations_iPhone = "UIInterfaceOrientationPortrait UIInterfaceOrientationLandscapeLeft UIInterfaceOrientationLandscapeRight";
				LD_RUNPATH_SEARCH_PATHS = (
					"$(inherited)",
					"@executable_path/Frameworks",
				);
				MARKETING_VERSION = 1.0;
				PRODUCT_BUNDLE_IDENTIFIER = TL.MyTradingPlace;
				PRODUCT_NAME = "$(TARGET_NAME)";
				SWIFT_EMIT_LOC_STRINGS = YES;
				SWIFT_VERSION = 5.0;
				TARGETED_DEVICE_FAMILY = "1,2";
			};
			name = Debug;
		};
		16964B492E9F4D2A0020BB05 /* Release */ = {
			isa = XCBuildConfiguration;
			buildSettings = {
				ASSETCATALOG_COMPILER_APPICON_NAME = AppIcon;
				ASSETCATALOG_COMPILER_GLOBAL_ACCENT_COLOR_NAME = AccentColor;
				CODE_SIGN_STYLE = Automatic;
				CURRENT_PROJECT_VERSION = 1;
				DEVELOPMENT_TEAM = 9KL8UXLN6Z;
				ENABLE_PREVIEWS = YES;
				GENERATE_INFOPLIST_FILE = YES;
				INFOPLIST_FILE = MyTradingPlace/Info.plist;
				INFOPLIST_KEY_UIApplicationSceneManifest_Generation = YES;
				INFOPLIST_KEY_UIApplicationSupportsIndirectInputEvents = YES;
				INFOPLIST_KEY_UILaunchScreen_Generation = YES;
				INFOPLIST_KEY_UISupportedInterfaceOrientations_iPad = "UIInterfaceOrientationPortrait UIInterfaceOrientationPortraitUpsideDown UIInterfaceOrientationLandscapeLeft UIInterfaceOrientationLandscapeRight";
				INFOPLIST_KEY_UISupportedInterfaceOrientations_iPhone = "UIInterfaceOrientationPortrait UIInterfaceOrientationLandscapeLeft UIInterfaceOrientationLandscapeRight";
				LD_RUNPATH_SEARCH_PATHS = (
					"$(inherited)",
					"@executable_path/Frameworks",
				);
				MARKETING_VERSION = 1.0;
				PRODUCT_BUNDLE_IDENTIFIER = TL.MyTradingPlace;
				PRODUCT_NAME = "$(TARGET_NAME)";
				SWIFT_EMIT_LOC_STRINGS = YES;
				SWIFT_VERSION = 5.0;
				TARGETED_DEVICE_FAMILY = "1,2";
			};
			name = Release;
		};
		16964B4B2E9F4D2A0020BB05 /* Debug */ = {
			isa = XCBuildConfiguration;
			buildSettings = {
				BUNDLE_LOADER = "$(TEST_HOST)";
				CODE_SIGN_STYLE = Automatic;
				CURRENT_PROJECT_VERSION = 1;
				DEVELOPMENT_TEAM = 9KL8UXLN6Z;
				GENERATE_INFOPLIST_FILE = YES;
				IPHONEOS_DEPLOYMENT_TARGET = 18.5;
				MARKETING_VERSION = 1.0;
				PRODUCT_BUNDLE_IDENTIFIER = TL.MyTradingPlaceTests;
				PRODUCT_NAME = "$(TARGET_NAME)";
				SWIFT_EMIT_LOC_STRINGS = NO;
				SWIFT_VERSION = 5.0;
				TARGETED_DEVICE_FAMILY = "1,2";
				TEST_HOST = "$(BUILT_PRODUCTS_DIR)/MyTradingPlace.app/$(BUNDLE_EXECUTABLE_FOLDER_PATH)/MyTradingPlace";
			};
			name = Debug;
		};
		16964B4C2E9F4D2A0020BB05 /* Release */ = {
			isa = XCBuildConfiguration;
			buildSettings = {
				BUNDLE_LOADER = "$(TEST_HOST)";
				CODE_SIGN_STYLE = Automatic;
				CURRENT_PROJECT_VERSION = 1;
				DEVELOPMENT_TEAM = 9KL8UXLN6Z;
				GENERATE_INFOPLIST_FILE = YES;
				IPHONEOS_DEPLOYMENT_TARGET = 18.5;
				MARKETING_VERSION = 1.0;
				PRODUCT_BUNDLE_IDENTIFIER = TL.MyTradingPlaceTests;
				PRODUCT_NAME = "$(TARGET_NAME)";
				SWIFT_EMIT_LOC_STRINGS = NO;
				SWIFT_VERSION = 5.0;
				TARGETED_DEVICE_FAMILY = "1,2";
				TEST_HOST = "$(BUILT_PRODUCTS_DIR)/MyTradingPlace.app/$(BUNDLE_EXECUTABLE_FOLDER_PATH)/MyTradingPlace";
			};
			name = Release;
		};
		16964B4E2E9F4D2A0020BB05 /* Debug */ = {
			isa = XCBuildConfiguration;
			buildSettings = {
				CODE_SIGN_STYLE = Automatic;
				CURRENT_PROJECT_VERSION = 1;
				DEVELOPMENT_TEAM = 9KL8UXLN6Z;
				GENERATE_INFOPLIST_FILE = YES;
				MARKETING_VERSION = 1.0;
				PRODUCT_BUNDLE_IDENTIFIER = TL.MyTradingPlaceUITests;
				PRODUCT_NAME = "$(TARGET_NAME)";
				SWIFT_EMIT_LOC_STRINGS = NO;
				SWIFT_VERSION = 5.0;
				TARGETED_DEVICE_FAMILY = "1,2";
				TEST_TARGET_NAME = MyTradingPlace;
			};
			name = Debug;
		};
		16964B4F2E9F4D2A0020BB05 /* Release */ = {
			isa = XCBuildConfiguration;
			buildSettings = {
				CODE_SIGN_STYLE = Automatic;
				CURRENT_PROJECT_VERSION = 1;
				DEVELOPMENT_TEAM = 9KL8UXLN6Z;
				GENERATE_INFOPLIST_FILE = YES;
				MARKETING_VERSION = 1.0;
				PRODUCT_BUNDLE_IDENTIFIER = TL.MyTradingPlaceUITests;
				PRODUCT_NAME = "$(TARGET_NAME)";
				SWIFT_EMIT_LOC_STRINGS = NO;
				SWIFT_VERSION = 5.0;
				TARGETED_DEVICE_FAMILY = "1,2";
				TEST_TARGET_NAME = MyTradingPlace;
			};
			name = Release;
		};
/* End XCBuildConfiguration section */

/* Begin XCConfigurationList section */
		16964B212E9F4D280020BB05 /* Build configuration list for PBXProject "MyTradingPlace" */ = {
			isa = XCConfigurationList;
			buildConfigurations = (
				16964B452E9F4D2A0020BB05 /* Debug */,
				16964B462E9F4D2A0020BB05 /* Release */,
			);
			defaultConfigurationIsVisible = 0;
			defaultConfigurationName = Release;
		};
		16964B472E9F4D2A0020BB05 /* Build configuration list for PBXNativeTarget "MyTradingPlace" */ = {
			isa = XCConfigurationList;
			buildConfigurations = (
				16964B482E9F4D2A0020BB05 /* Debug */,
				16964B492E9F4D2A0020BB05 /* Release */,
			);
			defaultConfigurationIsVisible = 0;
			defaultConfigurationName = Release;
		};
		16964B4A2E9F4D2A0020BB05 /* Build configuration list for PBXNativeTarget "MyTradingPlaceTests" */ = {
			isa = XCConfigurationList;
			buildConfigurations = (
				16964B4B2E9F4D2A0020BB05 /* Debug */,
				16964B4C2E9F4D2A0020BB05 /* Release */,
			);
			defaultConfigurationIsVisible = 0;
			defaultConfigurationName = Release;
		};
		16964B4D2E9F4D2A0020BB05 /* Build configuration list for PBXNativeTarget "MyTradingPlaceUITests" */ = {
			isa = XCConfigurationList;
			buildConfigurations = (
				16964B4E2E9F4D2A0020BB05 /* Debug */,
				16964B4F2E9F4D2A0020BB05 /* Release */,
			);
			defaultConfigurationIsVisible = 0;
			defaultConfigurationName = Release;
		};
/* End XCConfigurationList section */

/* Begin XCRemoteSwiftPackageReference section */
		1662EF792E9F6D000002F3C4 /* XCRemoteSwiftPackageReference "Alamofire" */ = {
			isa = XCRemoteSwiftPackageReference;
			repositoryURL = "https://github.com/Alamofire/Alamofire.git";
			requirement = {
				kind = upToNextMajorVersion;
				minimumVersion = 5.10.2;
			};
		};
/* End XCRemoteSwiftPackageReference section */

/* Begin XCSwiftPackageProductDependency section */
		1662EF7A2E9F6D000002F3C4 /* Alamofire */ = {
			isa = XCSwiftPackageProductDependency;
			package = 1662EF792E9F6D000002F3C4 /* XCRemoteSwiftPackageReference "Alamofire" */;
			productName = Alamofire;
		};
/* End XCSwiftPackageProductDependency section */
	};
	rootObject = 16964B1E2E9F4D280020BB05 /* Project object */;
}
